{
  "name": "LMS",
  "lockfileVersion": 3,
  "requires": true,
  "packages": {
    "": {
      "dependencies": {
        "react": "^19.0.0",
        "spinner": "^0.3.4"
      }
    },
    "node_modules/async": {
      "version": "0.1.22",
      "resolved": "https://registry.npmjs.org/async/-/async-0.1.22.tgz",
      "integrity": "sha512-2tEzliJmf5fHNafNwQLJXUasGzQCVctvsNkXmnlELHwypU0p08/rHohYvkqKIjyXpx+0rkrYv6QbhJ+UF4QkBg==",
      "engines": {
        "node": "*"
      }
    },
    "node_modules/ctxobj": {
      "version": "0.2.1",
      "resolved": "https://registry.npmjs.org/ctxobj/-/ctxobj-0.2.1.tgz",
      "integrity": "sha512-yIL7DlQ6D3zV1ZKSyaDgCo3X1mpVv0sTHr7obMyaqB66OPGBAhlx4ZaSCcIU4FgdjMOnXYPPhNhuON6RLzR3kw==",
      "license": "MIT",
      "engines": {
        "node": ">=0.6.6"
      }
    },
    "node_modules/fsmjs": {
      "version": "0.2.1",
      "resolved": "https://registry.npmjs.org/fsmjs/-/fsmjs-0.2.1.tgz",
      "integrity": "sha512-oEEmd6psgMuw3gpue2rlf39IT0Nc9wmK1WMyqVFJG+pYwQ78fGU4Jwk4+wgQ1W/YWC5ReW8qTHMxZyTc2iFDvg==",
      "license": "MIT",
      "engines": {
        "node": ">=0.6.6"
      }
    },
    "node_modules/node-uuid": {
      "version": "1.3.3",
      "resolved": "https://registry.npmjs.org/node-uuid/-/node-uuid-1.3.3.tgz",
      "integrity": "sha512-xKQtL5imfvX6PvUmgJyU/XaNT/l8tKvs+sJ6KLOmIzk/H8+sm7uE80QlPmmu3l1uirvRL3kZqtJPWoQBWT9gQw==",
      "deprecated": "Use uuid module instead",
      "engines": {
        "node": "*"
      }
    },
    "node_modules/portscanner": {
      "version": "0.1.3",
      "resolved": "https://registry.npmjs.org/portscanner/-/portscanner-0.1.3.tgz",
      "integrity": "sha512-q2HhsfT8S5TwFYcE4iOBgdcXxtZ23cheSMe8A+OCN4/TXKmk7cqx4Mu4qNpmhdEGBRau0BD46dwi7N7Ok238uA==",
      "dependencies": {
        "async": "0.1.15"
      },
      "engines": {
        "node": ">=0.4",
        "npm": ">=1.0.0"
      }
    },
    "node_modules/portscanner/node_modules/async": {
      "version": "0.1.15",
      "resolved": "https://registry.npmjs.org/async/-/async-0.1.15.tgz",
      "integrity": "sha512-AGVE6WcRsWX4QudgrVhdDUKAgCv67EwmzP3yEny/AI7/WqM+J8CStwMbGqeXC9p8ih4qota04EaMim/WvA8OCw==",
      "engines": {
        "node": "*"
      }
    },
    "node_modules/react": {
      "version": "19.0.0",
      "resolved": "https://registry.npmjs.org/react/-/react-19.0.0.tgz",
      "integrity": "sha512-V8AVnmPIICiWpGfm6GLzCR/W5FXLchHop40W4nXBmdlEceh16rCN8O8LNWm5bh5XUX91fh7KpA+W0TgMKmgTpQ==",
      "license": "MIT",
      "engines": {
        "node": ">=0.10.0"
      }
    },
    "node_modules/spinner": {
      "version": "0.3.4",
      "resolved": "https://registry.npmjs.org/spinner/-/spinner-0.3.4.tgz",
      "integrity": "sha512-Zows0JkJsy5nZvysoKIghnELRvijuyaEo4jV39tDBsADwntEFyHjSm6y0XXst22XXraa5K7HpzitQezicSJuBQ==",
      "license": "MIT",
      "dependencies": {
        "async": "0.1.x",
        "ctxobj": "0.2.x",
        "fsmjs": "0.2.x",
        "node-uuid": "1.3.3",
        "portscanner": "0.1.x"
      },
      "engines": {
        "node": ">=0.6.6"
      }
    }
  }
}
